
Microsoft Visual Studio Solution File, Format Version 12.00
# Visual Studio Version 17
VisualStudioVersion = 17.14.36301.6
MinimumVisualStudioVersion = 10.0.40219.1
Project("{2150E333-8FDC-42A3-9474-1A3956D46DE8}") = "SOLID", "SOLID", "{02EA681E-C7D8-13C7-8484-4AC65E1B71E8}"
EndProject
Project("{2150E333-8FDC-42A3-9474-1A3956D46DE8}") = "1 - SRP", "1 - SRP", "{080D13C8-F42C-492B-B95D-4A67A420DED1}"
EndProject
Project("{2150E333-8FDC-42A3-9474-1A3956D46DE8}") = "2 - OCP", "2 - OCP", "{81220DF5-F42F-460C-8694-A0BAEE23112F}"
EndProject
Project("{2150E333-8FDC-42A3-9474-1A3956D46DE8}") = "3 - LSP", "3 - LSP", "{4ADCEE90-A823-4DF9-A46D-C1046882983C}"
EndProject
Project("{2150E333-8FDC-42A3-9474-1A3956D46DE8}") = "4 - ISP", "4 - ISP", "{B41AE553-0430-4774-A534-B16894984F5F}"
EndProject
Project("{2150E333-8FDC-42A3-9474-1A3956D46DE8}") = "5 - DIP", "5 - DIP", "{8FEE86FE-20FB-41EA-A279-07A999C5A7C6}"
EndProject
Project("{2150E333-8FDC-42A3-9474-1A3956D46DE8}") = "SRP.Violation", "SRP.Violation", "{8702B838-84E5-4256-B0FC-F20925DB6545}"
EndProject
Project("{2150E333-8FDC-42A3-9474-1A3956D46DE8}") = "SRP.Solution", "SRP.Solution", "{1D85996B-EF14-4718-B564-1B1FB52EEDC1}"
EndProject
Project("{2150E333-8FDC-42A3-9474-1A3956D46DE8}") = "OCP.Violation", "OCP.Violation", "{053C71A0-F93C-4DED-9519-E06461453696}"
EndProject
Project("{2150E333-8FDC-42A3-9474-1A3956D46DE8}") = "OCP.Solution", "OCP.Solution", "{723DC5A0-344B-4E56-9D43-27111174D511}"
EndProject
Project("{2150E333-8FDC-42A3-9474-1A3956D46DE8}") = "LSP.Solution", "LSP.Solution", "{F4D82194-D816-4BAF-9E92-25C86C0D2282}"
EndProject
Project("{2150E333-8FDC-42A3-9474-1A3956D46DE8}") = "LSP.Violation", "LSP.Violation", "{9C4CBB87-737B-4BDF-B749-42B38348458F}"
EndProject
Project("{2150E333-8FDC-42A3-9474-1A3956D46DE8}") = "ISP.Violation", "ISP.Violation", "{35F52335-F677-4D31-AB14-2132DFFCBED3}"
EndProject
Project("{2150E333-8FDC-42A3-9474-1A3956D46DE8}") = "ISP.Solution", "ISP.Solution", "{D806B88B-081E-4631-8D73-E0A0BC54D307}"
EndProject
Project("{2150E333-8FDC-42A3-9474-1A3956D46DE8}") = "DIP.Solution", "DIP.Solution", "{674590A8-49CB-4620-8E70-9E74A0090518}"
EndProject
Project("{2150E333-8FDC-42A3-9474-1A3956D46DE8}") = "DIP.Violation", "DIP.Violation", "{A83D2730-F74F-4E95-AE7B-7D90F2DCD517}"
EndProject
Project("{2150E333-8FDC-42A3-9474-1A3956D46DE8}") = "Repository Pattern", "Repository Pattern", "{85D1B286-5FB6-42C4-B6AE-D0D662C46ADA}"
EndProject
Project("{FAE04EC0-301F-11D3-BF4B-00C04F79EFBC}") = "RepositoryPattern", "src\RepositoryPattern\RepositoryPattern\RepositoryPattern.csproj", "{310837B9-71A4-418C-A371-EEEB5DD2553F}"
EndProject
Project("{FAE04EC0-301F-11D3-BF4B-00C04F79EFBC}") = "SRP.Solution", "src\SOLID\SRP.Solution\SRP.Solution\SRP.Solution.csproj", "{E136511E-0283-9A76-87EB-D2B3BAC35888}"
EndProject
Project("{FAE04EC0-301F-11D3-BF4B-00C04F79EFBC}") = "SRP.Solution.Tests", "src\SOLID\SRP.Solution.Tests\SRP.Solution.Tests\SRP.Solution.Tests.csproj", "{7D0B4A6B-507E-DEA0-4022-2075D0F465FC}"
EndProject
Project("{FAE04EC0-301F-11D3-BF4B-00C04F79EFBC}") = "OCP.Solution", "src\SOLID\OCP.Solution\OCP.Solution\OCP.Solution.csproj", "{35048BC5-829E-D57A-CF00-1B3C06C6CFA8}"
EndProject
Project("{FAE04EC0-301F-11D3-BF4B-00C04F79EFBC}") = "OCP.Violation", "src\SOLID\OCP.Violation\OCP.Violation\OCP.Violation.csproj", "{34C07B5D-1BFC-FECA-21C5-3FE4E81F2938}"
EndProject
Project("{FAE04EC0-301F-11D3-BF4B-00C04F79EFBC}") = "LSP.Solution", "src\SOLID\LSP.Solution\LSP.Solution\LSP.Solution.csproj", "{902F995A-4216-EB3D-2C44-419F159A1505}"
EndProject
Project("{FAE04EC0-301F-11D3-BF4B-00C04F79EFBC}") = "LSP.Violation", "src\SOLID\LSP.Violation\LSP.Violation\LSP.Violation.csproj", "{E6A4C381-F0EF-5275-87FB-35CC7212B026}"
EndProject
Project("{FAE04EC0-301F-11D3-BF4B-00C04F79EFBC}") = "ISP.Solution", "src\SOLID\ISP.Solution\ISP.Solution\ISP.Solution.csproj", "{342B8E7A-3536-9D18-5706-E609D64CBCAA}"
EndProject
Project("{FAE04EC0-301F-11D3-BF4B-00C04F79EFBC}") = "ISP.Violation", "src\SOLID\ISP.Violation\ISP.Violation\ISP.Violation.csproj", "{B8575CE5-EDAD-15E7-EEB7-28BE19B61B88}"
EndProject
Project("{FAE04EC0-301F-11D3-BF4B-00C04F79EFBC}") = "DIP.Solution", "src\SOLID\DIP.Solution\DIP.Solution\DIP.Solution.csproj", "{5823323E-DB58-1424-BD5E-34B970D9E618}"
EndProject
Project("{FAE04EC0-301F-11D3-BF4B-00C04F79EFBC}") = "DIP.Violation", "src\SOLID\DIP.Violation\DIP.Violation\DIP.Violation.csproj", "{0300DA3A-E3F1-920B-767D-C75CB653D423}"
EndProject
Project("{FAE04EC0-301F-11D3-BF4B-00C04F79EFBC}") = "SRP.Violation", "src\SOLID\SRP.Violation\SRP.Violation.csproj", "{7133CA2C-60C4-C54D-338D-D43F35F68D79}"
EndProject
Project("{FAE04EC0-301F-11D3-BF4B-00C04F79EFBC}") = "SRP.Violation.Tests", "src\SOLID\SRP.Violation.Tests\SRP.Violation.Tests\SRP.Violation.Tests.csproj", "{9EAE6C1E-376A-8BBB-74C1-E25CA2ED38C3}"
EndProject
Global
	GlobalSection(SolutionConfigurationPlatforms) = preSolution
		Debug|Any CPU = Debug|Any CPU
		Release|Any CPU = Release|Any CPU
	EndGlobalSection
	GlobalSection(ProjectConfigurationPlatforms) = postSolution
		{310837B9-71A4-418C-A371-EEEB5DD2553F}.Debug|Any CPU.ActiveCfg = Debug|Any CPU
		{310837B9-71A4-418C-A371-EEEB5DD2553F}.Debug|Any CPU.Build.0 = Debug|Any CPU
		{310837B9-71A4-418C-A371-EEEB5DD2553F}.Release|Any CPU.ActiveCfg = Release|Any CPU
		{310837B9-71A4-418C-A371-EEEB5DD2553F}.Release|Any CPU.Build.0 = Release|Any CPU
		{E136511E-0283-9A76-87EB-D2B3BAC35888}.Debug|Any CPU.ActiveCfg = Debug|Any CPU
		{E136511E-0283-9A76-87EB-D2B3BAC35888}.Debug|Any CPU.Build.0 = Debug|Any CPU
		{E136511E-0283-9A76-87EB-D2B3BAC35888}.Release|Any CPU.ActiveCfg = Release|Any CPU
		{E136511E-0283-9A76-87EB-D2B3BAC35888}.Release|Any CPU.Build.0 = Release|Any CPU
		{7D0B4A6B-507E-DEA0-4022-2075D0F465FC}.Debug|Any CPU.ActiveCfg = Debug|Any CPU
		{7D0B4A6B-507E-DEA0-4022-2075D0F465FC}.Debug|Any CPU.Build.0 = Debug|Any CPU
		{7D0B4A6B-507E-DEA0-4022-2075D0F465FC}.Release|Any CPU.ActiveCfg = Release|Any CPU
		{7D0B4A6B-507E-DEA0-4022-2075D0F465FC}.Release|Any CPU.Build.0 = Release|Any CPU
		{35048BC5-829E-D57A-CF00-1B3C06C6CFA8}.Debug|Any CPU.ActiveCfg = Debug|Any CPU
		{35048BC5-829E-D57A-CF00-1B3C06C6CFA8}.Debug|Any CPU.Build.0 = Debug|Any CPU
		{35048BC5-829E-D57A-CF00-1B3C06C6CFA8}.Release|Any CPU.ActiveCfg = Release|Any CPU
		{35048BC5-829E-D57A-CF00-1B3C06C6CFA8}.Release|Any CPU.Build.0 = Release|Any CPU
		{34C07B5D-1BFC-FECA-21C5-3FE4E81F2938}.Debug|Any CPU.ActiveCfg = Debug|Any CPU
		{34C07B5D-1BFC-FECA-21C5-3FE4E81F2938}.Debug|Any CPU.Build.0 = Debug|Any CPU
		{34C07B5D-1BFC-FECA-21C5-3FE4E81F2938}.Release|Any CPU.ActiveCfg = Release|Any CPU
		{34C07B5D-1BFC-FECA-21C5-3FE4E81F2938}.Release|Any CPU.Build.0 = Release|Any CPU
		{902F995A-4216-EB3D-2C44-419F159A1505}.Debug|Any CPU.ActiveCfg = Debug|Any CPU
		{902F995A-4216-EB3D-2C44-419F159A1505}.Debug|Any CPU.Build.0 = Debug|Any CPU
		{902F995A-4216-EB3D-2C44-419F159A1505}.Release|Any CPU.ActiveCfg = Release|Any CPU
		{902F995A-4216-EB3D-2C44-419F159A1505}.Release|Any CPU.Build.0 = Release|Any CPU
		{E6A4C381-F0EF-5275-87FB-35CC7212B026}.Debug|Any CPU.ActiveCfg = Debug|Any CPU
		{E6A4C381-F0EF-5275-87FB-35CC7212B026}.Debug|Any CPU.Build.0 = Debug|Any CPU
		{E6A4C381-F0EF-5275-87FB-35CC7212B026}.Release|Any CPU.ActiveCfg = Release|Any CPU
		{E6A4C381-F0EF-5275-87FB-35CC7212B026}.Release|Any CPU.Build.0 = Release|Any CPU
		{342B8E7A-3536-9D18-5706-E609D64CBCAA}.Debug|Any CPU.ActiveCfg = Debug|Any CPU
		{342B8E7A-3536-9D18-5706-E609D64CBCAA}.Debug|Any CPU.Build.0 = Debug|Any CPU
		{342B8E7A-3536-9D18-5706-E609D64CBCAA}.Release|Any CPU.ActiveCfg = Release|Any CPU
		{342B8E7A-3536-9D18-5706-E609D64CBCAA}.Release|Any CPU.Build.0 = Release|Any CPU
		{B8575CE5-EDAD-15E7-EEB7-28BE19B61B88}.Debug|Any CPU.ActiveCfg = Debug|Any CPU
		{B8575CE5-EDAD-15E7-EEB7-28BE19B61B88}.Debug|Any CPU.Build.0 = Debug|Any CPU
		{B8575CE5-EDAD-15E7-EEB7-28BE19B61B88}.Release|Any CPU.ActiveCfg = Release|Any CPU
		{B8575CE5-EDAD-15E7-EEB7-28BE19B61B88}.Release|Any CPU.Build.0 = Release|Any CPU
		{5823323E-DB58-1424-BD5E-34B970D9E618}.Debug|Any CPU.ActiveCfg = Debug|Any CPU
		{5823323E-DB58-1424-BD5E-34B970D9E618}.Debug|Any CPU.Build.0 = Debug|Any CPU
		{5823323E-DB58-1424-BD5E-34B970D9E618}.Release|Any CPU.ActiveCfg = Release|Any CPU
		{5823323E-DB58-1424-BD5E-34B970D9E618}.Release|Any CPU.Build.0 = Release|Any CPU
		{0300DA3A-E3F1-920B-767D-C75CB653D423}.Debug|Any CPU.ActiveCfg = Debug|Any CPU
		{0300DA3A-E3F1-920B-767D-C75CB653D423}.Debug|Any CPU.Build.0 = Debug|Any CPU
		{0300DA3A-E3F1-920B-767D-C75CB653D423}.Release|Any CPU.ActiveCfg = Release|Any CPU
		{0300DA3A-E3F1-920B-767D-C75CB653D423}.Release|Any CPU.Build.0 = Release|Any CPU
		{7133CA2C-60C4-C54D-338D-D43F35F68D79}.Debug|Any CPU.ActiveCfg = Debug|Any CPU
		{7133CA2C-60C4-C54D-338D-D43F35F68D79}.Debug|Any CPU.Build.0 = Debug|Any CPU
		{7133CA2C-60C4-C54D-338D-D43F35F68D79}.Release|Any CPU.ActiveCfg = Release|Any CPU
		{7133CA2C-60C4-C54D-338D-D43F35F68D79}.Release|Any CPU.Build.0 = Release|Any CPU
		{9EAE6C1E-376A-8BBB-74C1-E25CA2ED38C3}.Debug|Any CPU.ActiveCfg = Debug|Any CPU
		{9EAE6C1E-376A-8BBB-74C1-E25CA2ED38C3}.Debug|Any CPU.Build.0 = Debug|Any CPU
		{9EAE6C1E-376A-8BBB-74C1-E25CA2ED38C3}.Release|Any CPU.ActiveCfg = Release|Any CPU
		{9EAE6C1E-376A-8BBB-74C1-E25CA2ED38C3}.Release|Any CPU.Build.0 = Release|Any CPU
	EndGlobalSection
	GlobalSection(SolutionProperties) = preSolution
		HideSolutionNode = FALSE
	EndGlobalSection
	GlobalSection(NestedProjects) = preSolution
		{080D13C8-F42C-492B-B95D-4A67A420DED1} = {02EA681E-C7D8-13C7-8484-4AC65E1B71E8}
		{81220DF5-F42F-460C-8694-A0BAEE23112F} = {02EA681E-C7D8-13C7-8484-4AC65E1B71E8}
		{4ADCEE90-A823-4DF9-A46D-C1046882983C} = {02EA681E-C7D8-13C7-8484-4AC65E1B71E8}
		{B41AE553-0430-4774-A534-B16894984F5F} = {02EA681E-C7D8-13C7-8484-4AC65E1B71E8}
		{8FEE86FE-20FB-41EA-A279-07A999C5A7C6} = {02EA681E-C7D8-13C7-8484-4AC65E1B71E8}
		{8702B838-84E5-4256-B0FC-F20925DB6545} = {080D13C8-F42C-492B-B95D-4A67A420DED1}
		{1D85996B-EF14-4718-B564-1B1FB52EEDC1} = {080D13C8-F42C-492B-B95D-4A67A420DED1}
		{053C71A0-F93C-4DED-9519-E06461453696} = {81220DF5-F42F-460C-8694-A0BAEE23112F}
		{723DC5A0-344B-4E56-9D43-27111174D511} = {81220DF5-F42F-460C-8694-A0BAEE23112F}
		{F4D82194-D816-4BAF-9E92-25C86C0D2282} = {4ADCEE90-A823-4DF9-A46D-C1046882983C}
		{9C4CBB87-737B-4BDF-B749-42B38348458F} = {4ADCEE90-A823-4DF9-A46D-C1046882983C}
		{35F52335-F677-4D31-AB14-2132DFFCBED3} = {B41AE553-0430-4774-A534-B16894984F5F}
		{D806B88B-081E-4631-8D73-E0A0BC54D307} = {B41AE553-0430-4774-A534-B16894984F5F}
		{674590A8-49CB-4620-8E70-9E74A0090518} = {8FEE86FE-20FB-41EA-A279-07A999C5A7C6}
		{A83D2730-F74F-4E95-AE7B-7D90F2DCD517} = {8FEE86FE-20FB-41EA-A279-07A999C5A7C6}
		{310837B9-71A4-418C-A371-EEEB5DD2553F} = {85D1B286-5FB6-42C4-B6AE-D0D662C46ADA}
		{E136511E-0283-9A76-87EB-D2B3BAC35888} = {1D85996B-EF14-4718-B564-1B1FB52EEDC1}
		{7D0B4A6B-507E-DEA0-4022-2075D0F465FC} = {1D85996B-EF14-4718-B564-1B1FB52EEDC1}
		{35048BC5-829E-D57A-CF00-1B3C06C6CFA8} = {723DC5A0-344B-4E56-9D43-27111174D511}
		{34C07B5D-1BFC-FECA-21C5-3FE4E81F2938} = {053C71A0-F93C-4DED-9519-E06461453696}
		{902F995A-4216-EB3D-2C44-419F159A1505} = {F4D82194-D816-4BAF-9E92-25C86C0D2282}
		{E6A4C381-F0EF-5275-87FB-35CC7212B026} = {9C4CBB87-737B-4BDF-B749-42B38348458F}
		{342B8E7A-3536-9D18-5706-E609D64CBCAA} = {D806B88B-081E-4631-8D73-E0A0BC54D307}
		{B8575CE5-EDAD-15E7-EEB7-28BE19B61B88} = {35F52335-F677-4D31-AB14-2132DFFCBED3}
		{5823323E-DB58-1424-BD5E-34B970D9E618} = {674590A8-49CB-4620-8E70-9E74A0090518}
		{0300DA3A-E3F1-920B-767D-C75CB653D423} = {A83D2730-F74F-4E95-AE7B-7D90F2DCD517}
		{7133CA2C-60C4-C54D-338D-D43F35F68D79} = {8702B838-84E5-4256-B0FC-F20925DB6545}
		{9EAE6C1E-376A-8BBB-74C1-E25CA2ED38C3} = {8702B838-84E5-4256-B0FC-F20925DB6545}
	EndGlobalSection
	GlobalSection(ExtensibilityGlobals) = postSolution
		SolutionGuid = {BB7C72DF-611E-461F-B87C-69A1BE931EB0}
	EndGlobalSection
EndGlobal
