
Microsoft Visual Studio Solution File, Format Version 12.00
# Visual Studio Version 17
VisualStudioVersion = 17.14.36301.6
MinimumVisualStudioVersion = 10.0.40219.1
Project("{2150E333-8FDC-42A3-9474-1A3956D46DE8}") = "SOLID", "SOLID", "{02EA681E-C7D8-13C7-8484-4AC65E1B71E8}"
EndProject
Project("{2150E333-8FDC-42A3-9474-1A3956D46DE8}") = "1 - SRP", "1 - SRP", "{080D13C8-F42C-492B-B95D-4A67A420DED1}"
EndProject
Project("{2150E333-8FDC-42A3-9474-1A3956D46DE8}") = "2 - OCP", "2 - OCP", "{81220DF5-F42F-460C-8694-A0BAEE23112F}"
EndProject
Project("{2150E333-8FDC-42A3-9474-1A3956D46DE8}") = "3 - LSP", "3 - LSP", "{4ADCEE90-A823-4DF9-A46D-C1046882983C}"
EndProject
Project("{2150E333-8FDC-42A3-9474-1A3956D46DE8}") = "4 - ISP", "4 - ISP", "{B41AE553-0430-4774-A534-B16894984F5F}"
EndProject
Project("{2150E333-8FDC-42A3-9474-1A3956D46DE8}") = "5 - DIP", "5 - DIP", "{8FEE86FE-20FB-41EA-A279-07A999C5A7C6}"
EndProject
Project("{2150E333-8FDC-42A3-9474-1A3956D46DE8}") = "SRP.Violation", "SRP.Violation", "{8702B838-84E5-4256-B0FC-F20925DB6545}"
EndProject
Project("{2150E333-8FDC-42A3-9474-1A3956D46DE8}") = "SRP.Solution", "SRP.Solution", "{1D85996B-EF14-4718-B564-1B1FB52EEDC1}"
EndProject
Project("{2150E333-8FDC-42A3-9474-1A3956D46DE8}") = "OCP.Violation", "OCP.Violation", "{053C71A0-F93C-4DED-9519-E06461453696}"
EndProject
Project("{2150E333-8FDC-42A3-9474-1A3956D46DE8}") = "OCP.Solution", "OCP.Solution", "{723DC5A0-344B-4E56-9D43-27111174D511}"
EndProject
Project("{2150E333-8FDC-42A3-9474-1A3956D46DE8}") = "LSP.Solution", "LSP.Solution", "{F4D82194-D816-4BAF-9E92-25C86C0D2282}"
EndProject
Project("{2150E333-8FDC-42A3-9474-1A3956D46DE8}") = "LSP.Violation", "LSP.Violation", "{9C4CBB87-737B-4BDF-B749-42B38348458F}"
EndProject
Project("{2150E333-8FDC-42A3-9474-1A3956D46DE8}") = "ISP.Violation", "ISP.Violation", "{35F52335-F677-4D31-AB14-2132DFFCBED3}"
EndProject
Project("{2150E333-8FDC-42A3-9474-1A3956D46DE8}") = "ISP.Solution", "ISP.Solution", "{D806B88B-081E-4631-8D73-E0A0BC54D307}"
EndProject
Project("{2150E333-8FDC-42A3-9474-1A3956D46DE8}") = "DIP.Solution", "DIP.Solution", "{674590A8-49CB-4620-8E70-9E74A0090518}"
EndProject
Project("{2150E333-8FDC-42A3-9474-1A3956D46DE8}") = "DIP.Violation", "DIP.Violation", "{A83D2730-F74F-4E95-AE7B-7D90F2DCD517}"
EndProject
Project("{FAE04EC0-301F-11D3-BF4B-00C04F79EFBC}") = "SRP.Violation", "src\SRP.Violation\SRP.Violation.csproj", "{0D4B0B59-C574-47F8-877C-B112A357CD75}"
EndProject
Project("{FAE04EC0-301F-11D3-BF4B-00C04F79EFBC}") = "SRP.Solution", "src\SRP.Solution\SRP.Solution\SRP.Solution.csproj", "{D8730122-30D4-4C37-AD9E-42C0961DDD68}"
EndProject
Project("{FAE04EC0-301F-11D3-BF4B-00C04F79EFBC}") = "OCP.Violation", "src\OCP.Violation\OCP.Violation\OCP.Violation.csproj", "{B0965F9E-5656-44E7-A805-C792B5BFCCA9}"
EndProject
Project("{FAE04EC0-301F-11D3-BF4B-00C04F79EFBC}") = "OCP.Solution", "src\OCP.Solution\OCP.Solution\OCP.Solution.csproj", "{44302E4C-80AC-4767-AD4A-4957E4716E90}"
EndProject
Project("{FAE04EC0-301F-11D3-BF4B-00C04F79EFBC}") = "LSP.Solution", "src\LSP.Solution\LSP.Solution\LSP.Solution.csproj", "{70B63C9A-2FC3-40BB-BBCB-335991EFD0C9}"
EndProject
Project("{FAE04EC0-301F-11D3-BF4B-00C04F79EFBC}") = "LSP.Violation", "src\LSP.Violation\LSP.Violation\LSP.Violation.csproj", "{D6790CD0-EA83-4EAD-B9EC-F0F730186F92}"
EndProject
Project("{FAE04EC0-301F-11D3-BF4B-00C04F79EFBC}") = "ISP.Solution", "src\ISP.Solution\ISP.Solution\ISP.Solution.csproj", "{800A1C0B-72AB-44F4-BC78-29E2F142CE7A}"
EndProject
Project("{FAE04EC0-301F-11D3-BF4B-00C04F79EFBC}") = "ISP.Violation", "src\ISP.Violation\ISP.Violation\ISP.Violation.csproj", "{A512E597-9774-4717-8E3E-242412D202A0}"
EndProject
Project("{FAE04EC0-301F-11D3-BF4B-00C04F79EFBC}") = "DIP.Solution", "src\DIP.Solution\DIP.Solution\DIP.Solution.csproj", "{3914B0A1-DC92-46C6-9738-6D87188C786D}"
EndProject
Project("{FAE04EC0-301F-11D3-BF4B-00C04F79EFBC}") = "DIP.Violation", "src\DIP.Violation\DIP.Violation\DIP.Violation.csproj", "{E9009C15-1F7B-4E37-A562-CFAF4B55996F}"
EndProject
Project("{FAE04EC0-301F-11D3-BF4B-00C04F79EFBC}") = "SRP.Violation.Tests", "src\SRP.Violation.Tests\SRP.Violation.Tests\SRP.Violation.Tests.csproj", "{95C5595A-7469-432B-97C7-E294E56581D3}"
EndProject
Project("{FAE04EC0-301F-11D3-BF4B-00C04F79EFBC}") = "SRP.Solution.Tests", "src\SRP.Solution.Tests\SRP.Solution.Tests\SRP.Solution.Tests.csproj", "{F5428CCF-3096-4931-9430-F82CB9F30322}"
EndProject
Global
	GlobalSection(SolutionConfigurationPlatforms) = preSolution
		Debug|Any CPU = Debug|Any CPU
		Release|Any CPU = Release|Any CPU
	EndGlobalSection
	GlobalSection(ProjectConfigurationPlatforms) = postSolution
		{0D4B0B59-C574-47F8-877C-B112A357CD75}.Debug|Any CPU.ActiveCfg = Debug|Any CPU
		{0D4B0B59-C574-47F8-877C-B112A357CD75}.Debug|Any CPU.Build.0 = Debug|Any CPU
		{0D4B0B59-C574-47F8-877C-B112A357CD75}.Release|Any CPU.ActiveCfg = Release|Any CPU
		{0D4B0B59-C574-47F8-877C-B112A357CD75}.Release|Any CPU.Build.0 = Release|Any CPU
		{D8730122-30D4-4C37-AD9E-42C0961DDD68}.Debug|Any CPU.ActiveCfg = Debug|Any CPU
		{D8730122-30D4-4C37-AD9E-42C0961DDD68}.Debug|Any CPU.Build.0 = Debug|Any CPU
		{D8730122-30D4-4C37-AD9E-42C0961DDD68}.Release|Any CPU.ActiveCfg = Release|Any CPU
		{D8730122-30D4-4C37-AD9E-42C0961DDD68}.Release|Any CPU.Build.0 = Release|Any CPU
		{B0965F9E-5656-44E7-A805-C792B5BFCCA9}.Debug|Any CPU.ActiveCfg = Debug|Any CPU
		{B0965F9E-5656-44E7-A805-C792B5BFCCA9}.Debug|Any CPU.Build.0 = Debug|Any CPU
		{B0965F9E-5656-44E7-A805-C792B5BFCCA9}.Release|Any CPU.ActiveCfg = Release|Any CPU
		{B0965F9E-5656-44E7-A805-C792B5BFCCA9}.Release|Any CPU.Build.0 = Release|Any CPU
		{44302E4C-80AC-4767-AD4A-4957E4716E90}.Debug|Any CPU.ActiveCfg = Debug|Any CPU
		{44302E4C-80AC-4767-AD4A-4957E4716E90}.Debug|Any CPU.Build.0 = Debug|Any CPU
		{44302E4C-80AC-4767-AD4A-4957E4716E90}.Release|Any CPU.ActiveCfg = Release|Any CPU
		{44302E4C-80AC-4767-AD4A-4957E4716E90}.Release|Any CPU.Build.0 = Release|Any CPU
		{70B63C9A-2FC3-40BB-BBCB-335991EFD0C9}.Debug|Any CPU.ActiveCfg = Debug|Any CPU
		{70B63C9A-2FC3-40BB-BBCB-335991EFD0C9}.Debug|Any CPU.Build.0 = Debug|Any CPU
		{70B63C9A-2FC3-40BB-BBCB-335991EFD0C9}.Release|Any CPU.ActiveCfg = Release|Any CPU
		{70B63C9A-2FC3-40BB-BBCB-335991EFD0C9}.Release|Any CPU.Build.0 = Release|Any CPU
		{D6790CD0-EA83-4EAD-B9EC-F0F730186F92}.Debug|Any CPU.ActiveCfg = Debug|Any CPU
		{D6790CD0-EA83-4EAD-B9EC-F0F730186F92}.Debug|Any CPU.Build.0 = Debug|Any CPU
		{D6790CD0-EA83-4EAD-B9EC-F0F730186F92}.Release|Any CPU.ActiveCfg = Release|Any CPU
		{D6790CD0-EA83-4EAD-B9EC-F0F730186F92}.Release|Any CPU.Build.0 = Release|Any CPU
		{800A1C0B-72AB-44F4-BC78-29E2F142CE7A}.Debug|Any CPU.ActiveCfg = Debug|Any CPU
		{800A1C0B-72AB-44F4-BC78-29E2F142CE7A}.Debug|Any CPU.Build.0 = Debug|Any CPU
		{800A1C0B-72AB-44F4-BC78-29E2F142CE7A}.Release|Any CPU.ActiveCfg = Release|Any CPU
		{800A1C0B-72AB-44F4-BC78-29E2F142CE7A}.Release|Any CPU.Build.0 = Release|Any CPU
		{A512E597-9774-4717-8E3E-242412D202A0}.Debug|Any CPU.ActiveCfg = Debug|Any CPU
		{A512E597-9774-4717-8E3E-242412D202A0}.Debug|Any CPU.Build.0 = Debug|Any CPU
		{A512E597-9774-4717-8E3E-242412D202A0}.Release|Any CPU.ActiveCfg = Release|Any CPU
		{A512E597-9774-4717-8E3E-242412D202A0}.Release|Any CPU.Build.0 = Release|Any CPU
		{3914B0A1-DC92-46C6-9738-6D87188C786D}.Debug|Any CPU.ActiveCfg = Debug|Any CPU
		{3914B0A1-DC92-46C6-9738-6D87188C786D}.Debug|Any CPU.Build.0 = Debug|Any CPU
		{3914B0A1-DC92-46C6-9738-6D87188C786D}.Release|Any CPU.ActiveCfg = Release|Any CPU
		{3914B0A1-DC92-46C6-9738-6D87188C786D}.Release|Any CPU.Build.0 = Release|Any CPU
		{E9009C15-1F7B-4E37-A562-CFAF4B55996F}.Debug|Any CPU.ActiveCfg = Debug|Any CPU
		{E9009C15-1F7B-4E37-A562-CFAF4B55996F}.Debug|Any CPU.Build.0 = Debug|Any CPU
		{E9009C15-1F7B-4E37-A562-CFAF4B55996F}.Release|Any CPU.ActiveCfg = Release|Any CPU
		{E9009C15-1F7B-4E37-A562-CFAF4B55996F}.Release|Any CPU.Build.0 = Release|Any CPU
		{95C5595A-7469-432B-97C7-E294E56581D3}.Debug|Any CPU.ActiveCfg = Debug|Any CPU
		{95C5595A-7469-432B-97C7-E294E56581D3}.Debug|Any CPU.Build.0 = Debug|Any CPU
		{95C5595A-7469-432B-97C7-E294E56581D3}.Release|Any CPU.ActiveCfg = Release|Any CPU
		{95C5595A-7469-432B-97C7-E294E56581D3}.Release|Any CPU.Build.0 = Release|Any CPU
		{F5428CCF-3096-4931-9430-F82CB9F30322}.Debug|Any CPU.ActiveCfg = Debug|Any CPU
		{F5428CCF-3096-4931-9430-F82CB9F30322}.Debug|Any CPU.Build.0 = Debug|Any CPU
		{F5428CCF-3096-4931-9430-F82CB9F30322}.Release|Any CPU.ActiveCfg = Release|Any CPU
		{F5428CCF-3096-4931-9430-F82CB9F30322}.Release|Any CPU.Build.0 = Release|Any CPU
	EndGlobalSection
	GlobalSection(SolutionProperties) = preSolution
		HideSolutionNode = FALSE
	EndGlobalSection
	GlobalSection(NestedProjects) = preSolution
		{080D13C8-F42C-492B-B95D-4A67A420DED1} = {02EA681E-C7D8-13C7-8484-4AC65E1B71E8}
		{81220DF5-F42F-460C-8694-A0BAEE23112F} = {02EA681E-C7D8-13C7-8484-4AC65E1B71E8}
		{4ADCEE90-A823-4DF9-A46D-C1046882983C} = {02EA681E-C7D8-13C7-8484-4AC65E1B71E8}
		{B41AE553-0430-4774-A534-B16894984F5F} = {02EA681E-C7D8-13C7-8484-4AC65E1B71E8}
		{8FEE86FE-20FB-41EA-A279-07A999C5A7C6} = {02EA681E-C7D8-13C7-8484-4AC65E1B71E8}
		{8702B838-84E5-4256-B0FC-F20925DB6545} = {080D13C8-F42C-492B-B95D-4A67A420DED1}
		{1D85996B-EF14-4718-B564-1B1FB52EEDC1} = {080D13C8-F42C-492B-B95D-4A67A420DED1}
		{053C71A0-F93C-4DED-9519-E06461453696} = {81220DF5-F42F-460C-8694-A0BAEE23112F}
		{723DC5A0-344B-4E56-9D43-27111174D511} = {81220DF5-F42F-460C-8694-A0BAEE23112F}
		{F4D82194-D816-4BAF-9E92-25C86C0D2282} = {4ADCEE90-A823-4DF9-A46D-C1046882983C}
		{9C4CBB87-737B-4BDF-B749-42B38348458F} = {4ADCEE90-A823-4DF9-A46D-C1046882983C}
		{35F52335-F677-4D31-AB14-2132DFFCBED3} = {B41AE553-0430-4774-A534-B16894984F5F}
		{D806B88B-081E-4631-8D73-E0A0BC54D307} = {B41AE553-0430-4774-A534-B16894984F5F}
		{674590A8-49CB-4620-8E70-9E74A0090518} = {8FEE86FE-20FB-41EA-A279-07A999C5A7C6}
		{A83D2730-F74F-4E95-AE7B-7D90F2DCD517} = {8FEE86FE-20FB-41EA-A279-07A999C5A7C6}
		{0D4B0B59-C574-47F8-877C-B112A357CD75} = {8702B838-84E5-4256-B0FC-F20925DB6545}
		{D8730122-30D4-4C37-AD9E-42C0961DDD68} = {1D85996B-EF14-4718-B564-1B1FB52EEDC1}
		{B0965F9E-5656-44E7-A805-C792B5BFCCA9} = {053C71A0-F93C-4DED-9519-E06461453696}
		{44302E4C-80AC-4767-AD4A-4957E4716E90} = {723DC5A0-344B-4E56-9D43-27111174D511}
		{70B63C9A-2FC3-40BB-BBCB-335991EFD0C9} = {F4D82194-D816-4BAF-9E92-25C86C0D2282}
		{D6790CD0-EA83-4EAD-B9EC-F0F730186F92} = {9C4CBB87-737B-4BDF-B749-42B38348458F}
		{800A1C0B-72AB-44F4-BC78-29E2F142CE7A} = {D806B88B-081E-4631-8D73-E0A0BC54D307}
		{A512E597-9774-4717-8E3E-242412D202A0} = {35F52335-F677-4D31-AB14-2132DFFCBED3}
		{3914B0A1-DC92-46C6-9738-6D87188C786D} = {674590A8-49CB-4620-8E70-9E74A0090518}
		{E9009C15-1F7B-4E37-A562-CFAF4B55996F} = {A83D2730-F74F-4E95-AE7B-7D90F2DCD517}
		{95C5595A-7469-432B-97C7-E294E56581D3} = {8702B838-84E5-4256-B0FC-F20925DB6545}
		{F5428CCF-3096-4931-9430-F82CB9F30322} = {1D85996B-EF14-4718-B564-1B1FB52EEDC1}
	EndGlobalSection
	GlobalSection(ExtensibilityGlobals) = postSolution
		SolutionGuid = {BB7C72DF-611E-461F-B87C-69A1BE931EB0}
	EndGlobalSection
EndGlobal
