
Microsoft Visual Studio Solution File, Format Version 12.00
# Visual Studio Version 17
VisualStudioVersion = 17.14.36301.6
MinimumVisualStudioVersion = 10.0.40219.1
Project("{FAE04EC0-301F-11D3-BF4B-00C04F79EFBC}") = "AsyncAwait", "AsyncAwait\AsyncAwait.csproj", "{33A7D55C-7BDE-4DD2-B395-A80FEA8203C8}"
EndProject
Global
	GlobalSection(SolutionConfigurationPlatforms) = preSolution
		Debug|Any CPU = Debug|Any CPU
		Release|Any CPU = Release|Any CPU
	EndGlobalSection
	GlobalSection(ProjectConfigurationPlatforms) = postSolution
		{33A7D55C-7BDE-4DD2-B395-A80FEA8203C8}.Debug|Any CPU.ActiveCfg = Debug|Any CPU
		{33A7D55C-7BDE-4DD2-B395-A80FEA8203C8}.Debug|Any CPU.Build.0 = Debug|Any CPU
		{33A7D55C-7BDE-4DD2-B395-A80FEA8203C8}.Release|Any CPU.ActiveCfg = Release|Any CPU
		{33A7D55C-7BDE-4DD2-B395-A80FEA8203C8}.Release|Any CPU.Build.0 = Release|Any CPU
	EndGlobalSection
	GlobalSection(SolutionProperties) = preSolution
		HideSolutionNode = FALSE
	EndGlobalSection
	GlobalSection(ExtensibilityGlobals) = postSolution
		SolutionGuid = {BB7C72DF-611E-461F-B87C-69A1BE931EB0}
	EndGlobalSection
EndGlobal
